
Microsoft Visual Studio Solution File, Format Version 10.00
# Visual Studio 2008
Project("{8BC9CEB8-8B4A-11D0-8D11-00A0C91BC942}") = "SystemMetricsWithChar", "SystemMetricsWithChar\SystemMetricsWithChar.vcproj", "{26C920BC-313F-4C2A-9567-546549D78A2A}"
EndProject
Global
	GlobalSection(SolutionConfigurationPlatforms) = preSolution
		Debug|Win32 = Debug|Win32
		Release|Win32 = Release|Win32
	EndGlobalSection
	GlobalSection(ProjectConfigurationPlatforms) = postSolution
		{26C920BC-313F-4C2A-9567-546549D78A2A}.Debug|Win32.ActiveCfg = Debug|Win32
		{26C920BC-313F-4C2A-9567-546549D78A2A}.Debug|Win32.Build.0 = Debug|Win32
		{26C920BC-313F-4C2A-9567-546549D78A2A}.Release|Win32.ActiveCfg = Release|Win32
		{26C920BC-313F-4C2A-9567-546549D78A2A}.Release|Win32.Build.0 = Release|Win32
	EndGlobalSection
	GlobalSection(SolutionProperties) = preSolution
		HideSolutionNode = FALSE
	EndGlobalSection
EndGlobal
